
Microsoft Visual Studio Solution File, Format Version 12.00
# Visual Studio Version 17
VisualStudioVersion = 17.10.34707.107
MinimumVisualStudioVersion = 10.0.40219.1
Project("{FAE04EC0-301F-11D3-BF4B-00C04F79EFBC}") = "usadmin_dashboard", "usadmin_dashboard\usadmin_dashboard.csproj", "{DA93DC33-5FC6-4664-9568-F949DCAF82BB}"
EndProject
Global
	GlobalSection(SolutionConfigurationPlatforms) = preSolution
		Debug|Any CPU = Debug|Any CPU
		Release|Any CPU = Release|Any CPU
	EndGlobalSection
	GlobalSection(ProjectConfigurationPlatforms) = postSolution
		{DA93DC33-5FC6-4664-9568-F949DCAF82BB}.Debug|Any CPU.ActiveCfg = Debug|Any CPU
		{DA93DC33-5FC6-4664-9568-F949DCAF82BB}.Debug|Any CPU.Build.0 = Debug|Any CPU
		{DA93DC33-5FC6-4664-9568-F949DCAF82BB}.Release|Any CPU.ActiveCfg = Release|Any CPU
		{DA93DC33-5FC6-4664-9568-F949DCAF82BB}.Release|Any CPU.Build.0 = Release|Any CPU
	EndGlobalSection
	GlobalSection(SolutionProperties) = preSolution
		HideSolutionNode = FALSE
	EndGlobalSection
	GlobalSection(ExtensibilityGlobals) = postSolution
		SolutionGuid = {F282EB63-0B59-477B-B216-5FD6197451B3}
	EndGlobalSection
EndGlobal
